<?xml version="1.0" encoding="utf-8"?>
<Project ToolsVersion="4.0" xmlns="http://schemas.microsoft.com/developer/msbuild/2003">
  <ItemGroup>
    <Filter Include="Source Files">
      <UniqueIdentifier>{4FC737F1-C7A5-4376-A066-2A32D752A2FF}</UniqueIdentifier>
      <Extensions>cpp;c;cc;cxx;def;odl;idl;hpj;bat;asm;asmx</Extensions>
    </Filter>
    <Filter Include="Header Files">
      <UniqueIdentifier>{93995380-89BD-4b04-88EB-625FBE52EBFB}</UniqueIdentifier>
      <Extensions>h;hh;hpp;hxx;hm;inl;inc;xsd</Extensions>
    </Filter>
    <Filter Include="Resource Files">
      <UniqueIdentifier>{67DA6AB6-F800-4c08-8B7A-83BB121AAD01}</UniqueIdentifier>
      <Extensions>rc;ico;cur;bmp;dlg;rc2;rct;bin;rgs;gif;jpg;jpeg;jpe;resx;tiff;tif;png;wav;mfcribbon-ms</Extensions>
    </Filter>
    <Filter Include="Header Files\temp">
      <UniqueIdentifier>{c04f4136-373c-4298-8b82-1ba9a5ec9c38}</UniqueIdentifier>
    </Filter>
  </ItemGroup>
  <ItemGroup>
    <ClInclude Include="Button.h">
      <Filter>Header Files</Filter>
    </ClInclude>
    <ClInclude Include="console.h">
      <Filter>Header Files</Filter>
    </ClInclude>
    <ClInclude Include="Form.h">
      <Filter>Header Files</Filter>
    </ClInclude>
    <ClInclude Include="InPutBox.h">
      <Filter>Header Files</Filter>
    </ClInclude>
    <ClInclude Include="Lable.h">
      <Filter>Header Files</Filter>
    </ClInclude>
    <ClInclude Include="List.h">
      <Filter>Header Files</Filter>
    </ClInclude>
    <ClInclude Include="TimeClock.h">
      <Filter>Header Files</Filter>
    </ClInclude>
    <ClInclude Include="Window.h">
      <Filter>Header Files</Filter>
    </ClInclude>
    <ClInclude Include="checkbox.h">
      <Filter>Header Files</Filter>
    </ClInclude>
    <ClInclude Include="Database.h">
      <Filter>Header Files</Filter>
    </ClInclude>
    <ClInclude Include="ListBox.h">
      <Filter>Header Files</Filter>
    </ClInclude>
    <ClInclude Include="Login.h">
      <Filter>Header Files</Filter>
    </ClInclude>
    <ClInclude Include="ImportClass.h">
      <Filter>Header Files</Filter>
    </ClInclude>
    <ClInclude Include="ImportStudent.h">
      <Filter>Header Files</Filter>
    </ClInclude>
    <ClInclude Include="Formteach.h">
      <Filter>Header Files</Filter>
    </ClInclude>
    <ClInclude Include="ImpObject.h">
      <Filter>Header Files</Filter>
    </ClInclude>
    <ClInclude Include="CheckList.h">
      <Filter>Header Files</Filter>
    </ClInclude>
    <ClInclude Include="warning.h">
      <Filter>Header Files</Filter>
    </ClInclude>
    <ClInclude Include="TreeAVL.h">
      <Filter>Header Files</Filter>
    </ClInclude>
    <ClInclude Include="ImpQuestion.h">
      <Filter>Header Files</Filter>
    </ClInclude>
    <ClInclude Include="CompareData.h">
      <Filter>Header Files</Filter>
    </ClInclude>
    <ClInclude Include="EventMouseOrKey.h">
      <Filter>Header Files</Filter>
    </ClInclude>
    <ClInclude Include="EventController.h">
      <Filter>Header Files</Filter>
    </ClInclude>
    <ClInclude Include="outbuf.h">
      <Filter>Header Files</Filter>
    </ClInclude>
    <ClInclude Include="DBSet.h">
      <Filter>Header Files</Filter>
    </ClInclude>
    <ClInclude Include="AppDbContext.h">
      <Filter>Header Files</Filter>
    </ClInclude>
    <ClInclude Include="ArrayList.h">
      <Filter>Header Files</Filter>
    </ClInclude>
    <ClInclude Include="IList.h">
      <Filter>Header Files</Filter>
    </ClInclude>
    <ClInclude Include="PrintClasses.h">
      <Filter>Header Files</Filter>
    </ClInclude>
    <ClInclude Include="FormStudent.h">
      <Filter>Header Files</Filter>
    </ClInclude>
    <ClInclude Include="ImportInfoTerm.h">
      <Filter>Header Files</Filter>
    </ClInclude>
    <ClInclude Include="Term.h">
      <Filter>Header Files</Filter>
    </ClInclude>
    <ClInclude Include="ProfileUser.h">
      <Filter>Header Files</Filter>
    </ClInclude>
    <ClInclude Include="PrintMarks.h">
      <Filter>Header Files</Filter>
    </ClInclude>
    <ClInclude Include="DetailQuestion.h">
      <Filter>Header Files</Filter>
    </ClInclude>
  </ItemGroup>
  <ItemGroup>
    <ClCompile Include="console.cpp">
      <Filter>Source Files</Filter>
    </ClCompile>
    <ClCompile Include="InPutBox.cpp">
      <Filter>Source Files</Filter>
    </ClCompile>
    <ClCompile Include="Source.cpp">
      <Filter>Source Files</Filter>
    </ClCompile>
    <ClCompile Include="Window.cpp">
      <Filter>Source Files</Filter>
    </ClCompile>
    <ClCompile Include="CompareData.cpp">
      <Filter>Source Files</Filter>
    </ClCompile>
    <ClCompile Include="EventMouseOrKey.cpp">
      <Filter>Source Files</Filter>
    </ClCompile>
    <ClCompile Include="Form.cpp">
      <Filter>Source Files</Filter>
    </ClCompile>
    <ClCompile Include="EventController.cpp">
      <Filter>Source Files</Filter>
    </ClCompile>
    <ClCompile Include="DBSet.cpp">
      <Filter>Source Files</Filter>
    </ClCompile>
    <ClCompile Include="AppDbContext.cpp">
      <Filter>Source Files</Filter>
    </ClCompile>
    <ClCompile Include="List.cpp">
      <Filter>Source Files</Filter>
    </ClCompile>
    <ClCompile Include="ArrayList.cpp">
      <Filter>Source Files</Filter>
    </ClCompile>
    <ClCompile Include="TreeAVL.cpp">
      <Filter>Source Files</Filter>
    </ClCompile>
    <ClCompile Include="PrintClasses.cpp">
      <Filter>Source Files</Filter>
    </ClCompile>
  </ItemGroup>
  <ItemGroup>
    <Image Include="gzMYTYs.png">
      <Filter>Header Files\temp</Filter>
    </Image>
    <Image Include="..\Capture.PNG">
      <Filter>Header Files\temp</Filter>
    </Image>
  </ItemGroup>
</Project>